
Microsoft Visual Studio Solution File, Format Version 12.00
# Visual Studio Version 16
VisualStudioVersion = 16.0.29728.190
MinimumVisualStudioVersion = 10.0.40219.1
Project("{FAE04EC0-301F-11D3-BF4B-00C04F79EFBC}") = "Shopping List", "Shopping List\Shopping List.csproj", "{28E9A448-7CCB-4D30-AA34-E2A4400BCFB0}"
EndProject
Global
	GlobalSection(SolutionConfigurationPlatforms) = preSolution
		Debug|Any CPU = Debug|Any CPU
		Release|Any CPU = Release|Any CPU
	EndGlobalSection
	GlobalSection(ProjectConfigurationPlatforms) = postSolution
		{28E9A448-7CCB-4D30-AA34-E2A4400BCFB0}.Debug|Any CPU.ActiveCfg = Debug|Any CPU
		{28E9A448-7CCB-4D30-AA34-E2A4400BCFB0}.Debug|Any CPU.Build.0 = Debug|Any CPU
		{28E9A448-7CCB-4D30-AA34-E2A4400BCFB0}.Release|Any CPU.ActiveCfg = Release|Any CPU
		{28E9A448-7CCB-4D30-AA34-E2A4400BCFB0}.Release|Any CPU.Build.0 = Release|Any CPU
	EndGlobalSection
	GlobalSection(SolutionProperties) = preSolution
		HideSolutionNode = FALSE
	EndGlobalSection
	GlobalSection(ExtensibilityGlobals) = postSolution
		SolutionGuid = {D71D340D-248E-43E9-9A7F-C02B5A1BD148}
	EndGlobalSection
EndGlobal
